
Microsoft Visual Studio Solution File, Format Version 12.00
# Visual Studio 15
VisualStudioVersion = 15.0.27703.2026
MinimumVisualStudioVersion = 10.0.40219.1
Project("{FAE04EC0-301F-11D3-BF4B-00C04F79EFBC}") = "HelloWorld", "HelloWorld\HelloWorld.csproj", "{89F56E4C-FA47-4602-8247-9E03DE3CE804}"
EndProject
Global
	GlobalSection(SolutionConfigurationPlatforms) = preSolution
		Debug|Any CPU = Debug|Any CPU
		Release|Any CPU = Release|Any CPU
	EndGlobalSection
	GlobalSection(ProjectConfigurationPlatforms) = postSolution
		{89F56E4C-FA47-4602-8247-9E03DE3CE804}.Debug|Any CPU.ActiveCfg = Debug|Any CPU
		{89F56E4C-FA47-4602-8247-9E03DE3CE804}.Debug|Any CPU.Build.0 = Debug|Any CPU
		{89F56E4C-FA47-4602-8247-9E03DE3CE804}.Release|Any CPU.ActiveCfg = Release|Any CPU
		{89F56E4C-FA47-4602-8247-9E03DE3CE804}.Release|Any CPU.Build.0 = Release|Any CPU
	EndGlobalSection
	GlobalSection(SolutionProperties) = preSolution
		HideSolutionNode = FALSE
	EndGlobalSection
	GlobalSection(ExtensibilityGlobals) = postSolution
		SolutionGuid = {1BC04BAA-38F2-425B-94D3-A36F2EC5E940}
	EndGlobalSection
EndGlobal
